
Microsoft Visual Studio Solution File, Format Version 12.00
# Visual Studio Version 16
VisualStudioVersion = 16.0.29230.61
MinimumVisualStudioVersion = 10.0.40219.1
Project("{FAE04EC0-301F-11D3-BF4B-00C04F79EFBC}") = "GrpcSongService", "GrpcSongService\GrpcSongService.csproj", "{551BCA25-4B31-47E3-A757-8A0252E5D2CA}"
EndProject
Global
	GlobalSection(SolutionConfigurationPlatforms) = preSolution
		Debug|Any CPU = Debug|Any CPU
		Release|Any CPU = Release|Any CPU
	EndGlobalSection
	GlobalSection(ProjectConfigurationPlatforms) = postSolution
		{551BCA25-4B31-47E3-A757-8A0252E5D2CA}.Debug|Any CPU.ActiveCfg = Debug|Any CPU
		{551BCA25-4B31-47E3-A757-8A0252E5D2CA}.Debug|Any CPU.Build.0 = Debug|Any CPU
		{551BCA25-4B31-47E3-A757-8A0252E5D2CA}.Release|Any CPU.ActiveCfg = Release|Any CPU
		{551BCA25-4B31-47E3-A757-8A0252E5D2CA}.Release|Any CPU.Build.0 = Release|Any CPU
	EndGlobalSection
	GlobalSection(SolutionProperties) = preSolution
		HideSolutionNode = FALSE
	EndGlobalSection
	GlobalSection(ExtensibilityGlobals) = postSolution
		SolutionGuid = {51A608BD-720D-402C-9648-451DBDA91A2F}
	EndGlobalSection
EndGlobal
