
Microsoft Visual Studio Solution File, Format Version 12.00
# Visual Studio Version 16
VisualStudioVersion = 16.0.29319.158
MinimumVisualStudioVersion = 10.0.40219.1
Project("{FAE04EC0-301F-11D3-BF4B-00C04F79EFBC}") = "GrpcSongConsoleClient", "GrpcSongConsoleClient\GrpcSongConsoleClient.csproj", "{9555CF11-408D-4F70-AE00-CD4858A3EF33}"
EndProject
Global
	GlobalSection(SolutionConfigurationPlatforms) = preSolution
		Debug|Any CPU = Debug|Any CPU
		Release|Any CPU = Release|Any CPU
	EndGlobalSection
	GlobalSection(ProjectConfigurationPlatforms) = postSolution
		{9555CF11-408D-4F70-AE00-CD4858A3EF33}.Debug|Any CPU.ActiveCfg = Debug|Any CPU
		{9555CF11-408D-4F70-AE00-CD4858A3EF33}.Debug|Any CPU.Build.0 = Debug|Any CPU
		{9555CF11-408D-4F70-AE00-CD4858A3EF33}.Release|Any CPU.ActiveCfg = Release|Any CPU
		{9555CF11-408D-4F70-AE00-CD4858A3EF33}.Release|Any CPU.Build.0 = Release|Any CPU
	EndGlobalSection
	GlobalSection(SolutionProperties) = preSolution
		HideSolutionNode = FALSE
	EndGlobalSection
	GlobalSection(ExtensibilityGlobals) = postSolution
		SolutionGuid = {7975C0FA-0474-4DFC-9FA3-CE00E1BE65F2}
	EndGlobalSection
EndGlobal
