
Microsoft Visual Studio Solution File, Format Version 12.00
# Visual Studio Version 16
VisualStudioVersion = 16.0.29319.158
MinimumVisualStudioVersion = 10.0.40219.1
Project("{FAE04EC0-301F-11D3-BF4B-00C04F79EFBC}") = "GrpcWebClient", "GrpcWebClient\GrpcWebClient.csproj", "{3E87985B-2E33-4A05-B64B-3526C7C0D744}"
EndProject
Global
	GlobalSection(SolutionConfigurationPlatforms) = preSolution
		Debug|Any CPU = Debug|Any CPU
		Release|Any CPU = Release|Any CPU
	EndGlobalSection
	GlobalSection(ProjectConfigurationPlatforms) = postSolution
		{3E87985B-2E33-4A05-B64B-3526C7C0D744}.Debug|Any CPU.ActiveCfg = Debug|Any CPU
		{3E87985B-2E33-4A05-B64B-3526C7C0D744}.Debug|Any CPU.Build.0 = Debug|Any CPU
		{3E87985B-2E33-4A05-B64B-3526C7C0D744}.Release|Any CPU.ActiveCfg = Release|Any CPU
		{3E87985B-2E33-4A05-B64B-3526C7C0D744}.Release|Any CPU.Build.0 = Release|Any CPU
	EndGlobalSection
	GlobalSection(SolutionProperties) = preSolution
		HideSolutionNode = FALSE
	EndGlobalSection
	GlobalSection(ExtensibilityGlobals) = postSolution
		SolutionGuid = {6C32DA3D-2E0B-4C01-AD79-15F49135E2E2}
	EndGlobalSection
EndGlobal
